// !$*UTF8*$!
{
	archiveVersion = 1;
	classes = {
	};
	objectVersion = 46;
	objects = {

/* Begin PBXBuildFile section */
		B24239C01F03407200C7318F /* AppDelegate.swift in Sources */ = {isa = PBXBuildFile; fileRef = B24239BF1F03407200C7318F /* AppDelegate.swift */; };
		B24239C21F03407200C7318F /* ViewController.swift in Sources */ = {isa = PBXBuildFile; fileRef = B24239C11F03407200C7318F /* ViewController.swift */; };
		B24239C51F03407200C7318F /* Main.storyboard in Resources */ = {isa = PBXBuildFile; fileRef = B24239C31F03407200C7318F /* Main.storyboard */; };
		B24239C71F03407200C7318F /* Assets.xcassets in Resources */ = {isa = PBXBuildFile; fileRef = B24239C61F03407200C7318F /* Assets.xcassets */; };
		B24239CA1F03407200C7318F /* LaunchScreen.storyboard in Resources */ = {isa = PBXBuildFile; fileRef = B24239C81F03407200C7318F /* LaunchScreen.storyboard */; };
		B24239D51F03407200C7318F /* MiraclePillsTests.swift in Sources */ = {isa = PBXBuildFile; fileRef = B24239D41F03407200C7318F /* MiraclePillsTests.swift */; };
		B24239E01F03407300C7318F /* MiraclePillsUITests.swift in Sources */ = {isa = PBXBuildFile; fileRef = B24239DF1F03407300C7318F /* MiraclePillsUITests.swift */; };
/* End PBXBuildFile section */

/* Begin PBXContainerItemProxy section */
		B24239D11F03407200C7318F /* PBXContainerItemProxy */ = {
			isa = PBXContainerItemProxy;
			containerPortal = B24239B41F03407200C7318F /* Project object */;
			proxyType = 1;
			remoteGlobalIDString = B24239BB1F03407200C7318F;
			remoteInfo = MiraclePills;
		};
		B24239DC1F03407300C7318F /* PBXContainerItemProxy */ = {
			isa = PBXContainerItemProxy;
			containerPortal = B24239B41F03407200C7318F /* Project object */;
			proxyType = 1;
			remoteGlobalIDString = B24239BB1F03407200C7318F;
			remoteInfo = MiraclePills;
		};
/* End PBXContainerItemProxy section */

/* Begin PBXFileReference section */
		B24239BC1F03407200C7318F /* MiraclePills.app */ = {isa = PBXFileReference; explicitFileType = wrapper.application; includeInIndex = 0; path = MiraclePills.app; sourceTree = BUILT_PRODUCTS_DIR; };
		B24239BF1F03407200C7318F /* AppDelegate.swift */ = {isa = PBXFileReference; lastKnownFileType = sourcecode.swift; path = AppDelegate.swift; sourceTree = "<group>"; };
		B24239C11F03407200C7318F /* ViewController.swift */ = {isa = PBXFileReference; lastKnownFileType = sourcecode.swift; path = ViewController.swift; sourceTree = "<group>"; };
		B24239C41F03407200C7318F /* Base */ = {isa = PBXFileReference; lastKnownFileType = file.storyboard; name = Base; path = Base.lproj/Main.storyboard; sourceTree = "<group>"; };
		B24239C61F03407200C7318F /* Assets.xcassets */ = {isa = PBXFileReference; lastKnownFileType = folder.assetcatalog; path = Assets.xcassets; sourceTree = "<group>"; };
		B24239C91F03407200C7318F /* Base */ = {isa = PBXFileReference; lastKnownFileType = file.storyboard; name = Base; path = Base.lproj/LaunchScreen.storyboard; sourceTree = "<group>"; };
		B24239CB1F03407200C7318F /* Info.plist */ = {isa = PBXFileReference; lastKnownFileType = text.plist.xml; path = Info.plist; sourceTree = "<group>"; };
		B24239D01F03407200C7318F /* MiraclePillsTests.xctest */ = {isa = PBXFileReference; explicitFileType = wrapper.cfbundle; includeInIndex = 0; path = MiraclePillsTests.xctest; sourceTree = BUILT_PRODUCTS_DIR; };
		B24239D41F03407200C7318F /* MiraclePillsTests.swift */ = {isa = PBXFileReference; lastKnownFileType = sourcecode.swift; path = MiraclePillsTests.swift; sourceTree = "<group>"; };
		B24239D61F03407200C7318F /* Info.plist */ = {isa = PBXFileReference; lastKnownFileType = text.plist.xml; path = Info.plist; sourceTree = "<group>"; };
		B24239DB1F03407300C7318F /* MiraclePillsUITests.xctest */ = {isa = PBXFileReference; explicitFileType = wrapper.cfbundle; includeInIndex = 0; path = MiraclePillsUITests.xctest; sourceTree = BUILT_PRODUCTS_DIR; };
		B24239DF1F03407300C7318F /* MiraclePillsUITests.swift */ = {isa = PBXFileReference; lastKnownFileType = sourcecode.swift; path = MiraclePillsUITests.swift; sourceTree = "<group>"; };
		B24239E11F03407300C7318F /* Info.plist */ = {isa = PBXFileReference; lastKnownFileType = text.plist.xml; path = Info.plist; sourceTree = "<group>"; };
/* End PBXFileReference section */

/* Begin PBXFrameworksBuildPhase section */
		B24239B91F03407200C7318F /* Frameworks */ = {
			isa = PBXFrameworksBuildPhase;
			buildActionMask = 2147483647;
			files = (
			);
			runOnlyForDeploymentPostprocessing = 0;
		};
		B24239CD1F03407200C7318F /* Frameworks */ = {
			isa = PBXFrameworksBuildPhase;
			buildActionMask = 2147483647;
			files = (
			);
			runOnlyForDeploymentPostprocessing = 0;
		};
		B24239D81F03407300C7318F /* Frameworks */ = {
			isa = PBXFrameworksBuildPhase;
			buildActionMask = 2147483647;
			files = (
			);
			runOnlyForDeploymentPostprocessing = 0;
		};
/* End PBXFrameworksBuildPhase section */

/* Begin PBXGroup section */
		B24239B31F03407200C7318F = {
			isa = PBXGroup;
			children = (
				B24239BE1F03407200C7318F /* MiraclePills */,
				B24239D31F03407200C7318F /* MiraclePillsTests */,
				B24239DE1F03407300C7318F /* MiraclePillsUITests */,
				B24239BD1F03407200C7318F /* Products */,
			);
			sourceTree = "<group>";
		};
		B24239BD1F03407200C7318F /* Products */ = {
			isa = PBXGroup;
			children = (
				B24239BC1F03407200C7318F /* MiraclePills.app */,
				B24239D01F03407200C7318F /* MiraclePillsTests.xctest */,
				B24239DB1F03407300C7318F /* MiraclePillsUITests.xctest */,
			);
			name = Products;
			sourceTree = "<group>";
		};
		B24239BE1F03407200C7318F /* MiraclePills */ = {
			isa = PBXGroup;
			children = (
				B24239BF1F03407200C7318F /* AppDelegate.swift */,
				B24239C11F03407200C7318F /* ViewController.swift */,
				B24239C31F03407200C7318F /* Main.storyboard */,
				B24239C61F03407200C7318F /* Assets.xcassets */,
				B24239C81F03407200C7318F /* LaunchScreen.storyboard */,
				B24239CB1F03407200C7318F /* Info.plist */,
			);
			path = MiraclePills;
			sourceTree = "<group>";
		};
		B24239D31F03407200C7318F /* MiraclePillsTests */ = {
			isa = PBXGroup;
			children = (
				B24239D41F03407200C7318F /* MiraclePillsTests.swift */,
				B24239D61F03407200C7318F /* Info.plist */,
			);
			path = MiraclePillsTests;
			sourceTree = "<group>";
		};
		B24239DE1F03407300C7318F /* MiraclePillsUITests */ = {
			isa = PBXGroup;
			children = (
				B24239DF1F03407300C7318F /* MiraclePillsUITests.swift */,
				B24239E11F03407300C7318F /* Info.plist */,
			);
			path = MiraclePillsUITests;
			sourceTree = "<group>";
		};
/* End PBXGroup section */

/* Begin PBXNativeTarget section */
		B24239BB1F03407200C7318F /* MiraclePills */ = {
			isa = PBXNativeTarget;
			buildConfigurationList = B24239E41F03407300C7318F /* Build configuration list for PBXNativeTarget "MiraclePills" */;
			buildPhases = (
				B24239B81F03407200C7318F /* Sources */,
				B24239B91F03407200C7318F /* Frameworks */,
				B24239BA1F03407200C7318F /* Resources */,
			);
			buildRules = (
			);
			dependencies = (
			);
			name = MiraclePills;
			productName = MiraclePills;
			productReference = B24239BC1F03407200C7318F /* MiraclePills.app */;
			productType = "com.apple.product-type.application";
		};
		B24239CF1F03407200C7318F /* MiraclePillsTests */ = {
			isa = PBXNativeTarget;
			buildConfigurationList = B24239E71F03407300C7318F /* Build configuration list for PBXNativeTarget "MiraclePillsTests" */;
			buildPhases = (
				B24239CC1F03407200C7318F /* Sources */,
				B24239CD1F03407200C7318F /* Frameworks */,
				B24239CE1F03407200C7318F /* Resources */,
			);
			buildRules = (
			);
			dependencies = (
				B24239D21F03407200C7318F /* PBXTargetDependency */,
			);
			name = MiraclePillsTests;
			productName = MiraclePillsTests;
			productReference = B24239D01F03407200C7318F /* MiraclePillsTests.xctest */;
			productType = "com.apple.product-type.bundle.unit-test";
		};
		B24239DA1F03407300C7318F /* MiraclePillsUITests */ = {
			isa = PBXNativeTarget;
			buildConfigurationList = B24239EA1F03407300C7318F /* Build configuration list for PBXNativeTarget "MiraclePillsUITests" */;
			buildPhases = (
				B24239D71F03407300C7318F /* Sources */,
				B24239D81F03407300C7318F /* Frameworks */,
				B24239D91F03407300C7318F /* Resources */,
			);
			buildRules = (
			);
			dependencies = (
				B24239DD1F03407300C7318F /* PBXTargetDependency */,
			);
			name = MiraclePillsUITests;
			productName = MiraclePillsUITests;
			productReference = B24239DB1F03407300C7318F /* MiraclePillsUITests.xctest */;
			productType = "com.apple.product-type.bundle.ui-testing";
		};
/* End PBXNativeTarget section */

/* Begin PBXProject section */
		B24239B41F03407200C7318F /* Project object */ = {
			isa = PBXProject;
			attributes = {
				LastSwiftUpdateCheck = 0830;
				LastUpgradeCheck = 0830;
				ORGANIZATIONNAME = Dymtech;
				TargetAttributes = {
					B24239BB1F03407200C7318F = {
						CreatedOnToolsVersion = 8.3.3;
						ProvisioningStyle = Automatic;
					};
					B24239CF1F03407200C7318F = {
						CreatedOnToolsVersion = 8.3.3;
						ProvisioningStyle = Automatic;
						TestTargetID = B24239BB1F03407200C7318F;
					};
					B24239DA1F03407300C7318F = {
						CreatedOnToolsVersion = 8.3.3;
						ProvisioningStyle = Automatic;
						TestTargetID = B24239BB1F03407200C7318F;
					};
				};
			};
			buildConfigurationList = B24239B71F03407200C7318F /* Build configuration list for PBXProject "MiraclePills" */;
			compatibilityVersion = "Xcode 3.2";
			developmentRegion = English;
			hasScannedForEncodings = 0;
			knownRegions = (
				en,
				Base,
			);
			mainGroup = B24239B31F03407200C7318F;
			productRefGroup = B24239BD1F03407200C7318F /* Products */;
			projectDirPath = "";
			projectRoot = "";
			targets = (
				B24239BB1F03407200C7318F /* MiraclePills */,
				B24239CF1F03407200C7318F /* MiraclePillsTests */,
				B24239DA1F03407300C7318F /* MiraclePillsUITests */,
			);
		};
/* End PBXProject section */

/* Begin PBXResourcesBuildPhase section */
		B24239BA1F03407200C7318F /* Resources */ = {
			isa = PBXResourcesBuildPhase;
			buildActionMask = 2147483647;
			files = (
				B24239CA1F03407200C7318F /* LaunchScreen.storyboard in Resources */,
				B24239C71F03407200C7318F /* Assets.xcassets in Resources */,
				B24239C51F03407200C7318F /* Main.storyboard in Resources */,
			);
			runOnlyForDeploymentPostprocessing = 0;
		};
		B24239CE1F03407200C7318F /* Resources */ = {
			isa = PBXResourcesBuildPhase;
			buildActionMask = 2147483647;
			files = (
			);
			runOnlyForDeploymentPostprocessing = 0;
		};
		B24239D91F03407300C7318F /* Resources */ = {
			isa = PBXResourcesBuildPhase;
			buildActionMask = 2147483647;
			files = (
			);
			runOnlyForDeploymentPostprocessing = 0;
		};
/* End PBXResourcesBuildPhase section */

/* Begin PBXSourcesBuildPhase section */
		B24239B81F03407200C7318F /* Sources */ = {
			isa = PBXSourcesBuildPhase;
			buildActionMask = 2147483647;
			files = (
				B24239C21F03407200C7318F /* ViewController.swift in Sources */,
				B24239C01F03407200C7318F /* AppDelegate.swift in Sources */,
			);
			runOnlyForDeploymentPostprocessing = 0;
		};
		B24239CC1F03407200C7318F /* Sources */ = {
			isa = PBXSourcesBuildPhase;
			buildActionMask = 2147483647;
			files = (
				B24239D51F03407200C7318F /* MiraclePillsTests.swift in Sources */,
			);
			runOnlyForDeploymentPostprocessing = 0;
		};
		B24239D71F03407300C7318F /* Sources */ = {
			isa = PBXSourcesBuildPhase;
			buildActionMask = 2147483647;
			files = (
				B24239E01F03407300C7318F /* MiraclePillsUITests.swift in Sources */,
			);
			runOnlyForDeploymentPostprocessing = 0;
		};
/* End PBXSourcesBuildPhase section */

/* Begin PBXTargetDependency section */
		B24239D21F03407200C7318F /* PBXTargetDependency */ = {
			isa = PBXTargetDependency;
			target = B24239BB1F03407200C7318F /* MiraclePills */;
			targetProxy = B24239D11F03407200C7318F /* PBXContainerItemProxy */;
		};
		B24239DD1F03407300C7318F /* PBXTargetDependency */ = {
			isa = PBXTargetDependency;
			target = B24239BB1F03407200C7318F /* MiraclePills */;
			targetProxy = B24239DC1F03407300C7318F /* PBXContainerItemProxy */;
		};
/* End PBXTargetDependency section */

/* Begin PBXVariantGroup section */
		B24239C31F03407200C7318F /* Main.storyboard */ = {
			isa = PBXVariantGroup;
			children = (
				B24239C41F03407200C7318F /* Base */,
			);
			name = Main.storyboard;
			sourceTree = "<group>";
		};
		B24239C81F03407200C7318F /* LaunchScreen.storyboard */ = {
			isa = PBXVariantGroup;
			children = (
				B24239C91F03407200C7318F /* Base */,
			);
			name = LaunchScreen.storyboard;
			sourceTree = "<group>";
		};
/* End PBXVariantGroup section */

/* Begin XCBuildConfiguration section */
		B24239E21F03407300C7318F /* Debug */ = {
			isa = XCBuildConfiguration;
			buildSettings = {
				ALWAYS_SEARCH_USER_PATHS = NO;
				CLANG_ANALYZER_NONNULL = YES;
				CLANG_ANALYZER_NUMBER_OBJECT_CONVERSION = YES_AGGRESSIVE;
				CLANG_CXX_LANGUAGE_STANDARD = "gnu++0x";
				CLANG_CXX_LIBRARY = "libc++";
				CLANG_ENABLE_MODULES = YES;
				CLANG_ENABLE_OBJC_ARC = YES;
				CLANG_WARN_BOOL_CONVERSION = YES;
				CLANG_WARN_CONSTANT_CONVERSION = YES;
				CLANG_WARN_DIRECT_OBJC_ISA_USAGE = YES_ERROR;
				CLANG_WARN_DOCUMENTATION_COMMENTS = YES;
				CLANG_WARN_EMPTY_BODY = YES;
				CLANG_WARN_ENUM_CONVERSION = YES;
				CLANG_WARN_INFINITE_RECURSION = YES;
				CLANG_WARN_INT_CONVERSION = YES;
				CLANG_WARN_OBJC_ROOT_CLASS = YES_ERROR;
				CLANG_WARN_SUSPICIOUS_MOVE = YES;
				CLANG_WARN_UNREACHABLE_CODE = YES;
				CLANG_WARN__DUPLICATE_METHOD_MATCH = YES;
				"CODE_SIGN_IDENTITY[sdk=iphoneos*]" = "iPhone Developer";
				COPY_PHASE_STRIP = NO;
				DEBUG_INFORMATION_FORMAT = dwarf;
				ENABLE_STRICT_OBJC_MSGSEND = YES;
				ENABLE_TESTABILITY = YES;
				GCC_C_LANGUAGE_STANDARD = gnu99;
				GCC_DYNAMIC_NO_PIC = NO;
				GCC_NO_COMMON_BLOCKS = YES;
				GCC_OPTIMIZATION_LEVEL = 0;
				GCC_PREPROCESSOR_DEFINITIONS = (
					"DEBUG=1",
					"$(inherited)",
				);
				GCC_WARN_64_TO_32_BIT_CONVERSION = YES;
				GCC_WARN_ABOUT_RETURN_TYPE = YES_ERROR;
				GCC_WARN_UNDECLARED_SELECTOR = YES;
				GCC_WARN_UNINITIALIZED_AUTOS = YES_AGGRESSIVE;
				GCC_WARN_UNUSED_FUNCTION = YES;
				GCC_WARN_UNUSED_VARIABLE = YES;
				IPHONEOS_DEPLOYMENT_TARGET = 10.3;
				MTL_ENABLE_DEBUG_INFO = YES;
				ONLY_ACTIVE_ARCH = YES;
				SDKROOT = iphoneos;
				SWIFT_ACTIVE_COMPILATION_CONDITIONS = DEBUG;
				SWIFT_OPTIMIZATION_LEVEL = "-Onone";
				TARGETED_DEVICE_FAMILY = "1,2";
			};
			name = Debug;
		};
		B24239E31F03407300C7318F /* Release */ = {
			isa = XCBuildConfiguration;
			buildSettings = {
				ALWAYS_SEARCH_USER_PATHS = NO;
				CLANG_ANALYZER_NONNULL = YES;
				CLANG_ANALYZER_NUMBER_OBJECT_CONVERSION = YES_AGGRESSIVE;
				CLANG_CXX_LANGUAGE_STANDARD = "gnu++0x";
				CLANG_CXX_LIBRARY = "libc++";
				CLANG_ENABLE_MODULES = YES;
				CLANG_ENABLE_OBJC_ARC = YES;
				CLANG_WARN_BOOL_CONVERSION = YES;
				CLANG_WARN_CONSTANT_CONVERSION = YES;
				CLANG_WARN_DIRECT_OBJC_ISA_USAGE = YES_ERROR;
				CLANG_WARN_DOCUMENTATION_COMMENTS = YES;
				CLANG_WARN_EMPTY_BODY = YES;
				CLANG_WARN_ENUM_CONVERSION = YES;
				CLANG_WARN_INFINITE_RECURSION = YES;
				CLANG_WARN_INT_CONVERSION = YES;
				CLANG_WARN_OBJC_ROOT_CLASS = YES_ERROR;
				CLANG_WARN_SUSPICIOUS_MOVE = YES;
				CLANG_WARN_UNREACHABLE_CODE = YES;
				CLANG_WARN__DUPLICATE_METHOD_MATCH = YES;
				"CODE_SIGN_IDENTITY[sdk=iphoneos*]" = "iPhone Developer";
				COPY_PHASE_STRIP = NO;
				DEBUG_INFORMATION_FORMAT = "dwarf-with-dsym";
				ENABLE_NS_ASSERTIONS = NO;
				ENABLE_STRICT_OBJC_MSGSEND = YES;
				GCC_C_LANGUAGE_STANDARD = gnu99;
				GCC_NO_COMMON_BLOCKS = YES;
				GCC_WARN_64_TO_32_BIT_CONVERSION = YES;
				GCC_WARN_ABOUT_RETURN_TYPE = YES_ERROR;
				GCC_WARN_UNDECLARED_SELECTOR = YES;
				GCC_WARN_UNINITIALIZED_AUTOS = YES_AGGRESSIVE;
				GCC_WARN_UNUSED_FUNCTION = YES;
				GCC_WARN_UNUSED_VARIABLE = YES;
				IPHONEOS_DEPLOYMENT_TARGET = 10.3;
				MTL_ENABLE_DEBUG_INFO = NO;
				SDKROOT = iphoneos;
				SWIFT_OPTIMIZATION_LEVEL = "-Owholemodule";
				TARGETED_DEVICE_FAMILY = "1,2";
				VALIDATE_PRODUCT = YES;
			};
			name = Release;
		};
		B24239E51F03407300C7318F /* Debug */ = {
			isa = XCBuildConfiguration;
			buildSettings = {
				ASSETCATALOG_COMPILER_APPICON_NAME = AppIcon;
				INFOPLIST_FILE = MiraclePills/Info.plist;
				LD_RUNPATH_SEARCH_PATHS = "$(inherited) @executable_path/Frameworks";
				PRODUCT_BUNDLE_IDENTIFIER = com.Dymtech.MiraclePills;
				PRODUCT_NAME = "$(TARGET_NAME)";
				SWIFT_VERSION = 3.0;
			};
			name = Debug;
		};
		B24239E61F03407300C7318F /* Release */ = {
			isa = XCBuildConfiguration;
			buildSettings = {
				ASSETCATALOG_COMPILER_APPICON_NAME = AppIcon;
				INFOPLIST_FILE = MiraclePills/Info.plist;
				LD_RUNPATH_SEARCH_PATHS = "$(inherited) @executable_path/Frameworks";
				PRODUCT_BUNDLE_IDENTIFIER = com.Dymtech.MiraclePills;
				PRODUCT_NAME = "$(TARGET_NAME)";
				SWIFT_VERSION = 3.0;
			};
			name = Release;
		};
		B24239E81F03407300C7318F /* Debug */ = {
			isa = XCBuildConfiguration;
			buildSettings = {
				ALWAYS_EMBED_SWIFT_STANDARD_LIBRARIES = YES;
				BUNDLE_LOADER = "$(TEST_HOST)";
				INFOPLIST_FILE = MiraclePillsTests/Info.plist;
				LD_RUNPATH_SEARCH_PATHS = "$(inherited) @executable_path/Frameworks @loader_path/Frameworks";
				PRODUCT_BUNDLE_IDENTIFIER = com.Dymtech.MiraclePillsTests;
				PRODUCT_NAME = "$(TARGET_NAME)";
				SWIFT_VERSION = 3.0;
				TEST_HOST = "$(BUILT_PRODUCTS_DIR)/MiraclePills.app/MiraclePills";
			};
			name = Debug;
		};
		B24239E91F03407300C7318F /* Release */ = {
			isa = XCBuildConfiguration;
			buildSettings = {
				ALWAYS_EMBED_SWIFT_STANDARD_LIBRARIES = YES;
				BUNDLE_LOADER = "$(TEST_HOST)";
				INFOPLIST_FILE = MiraclePillsTests/Info.plist;
				LD_RUNPATH_SEARCH_PATHS = "$(inherited) @executable_path/Frameworks @loader_path/Frameworks";
				PRODUCT_BUNDLE_IDENTIFIER = com.Dymtech.MiraclePillsTests;
				PRODUCT_NAME = "$(TARGET_NAME)";
				SWIFT_VERSION = 3.0;
				TEST_HOST = "$(BUILT_PRODUCTS_DIR)/MiraclePills.app/MiraclePills";
			};
			name = Release;
		};
		B24239EB1F03407300C7318F /* Debug */ = {
			isa = XCBuildConfiguration;
			buildSettings = {
				ALWAYS_EMBED_SWIFT_STANDARD_LIBRARIES = YES;
				INFOPLIST_FILE = MiraclePillsUITests/Info.plist;
				LD_RUNPATH_SEARCH_PATHS = "$(inherited) @executable_path/Frameworks @loader_path/Frameworks";
				PRODUCT_BUNDLE_IDENTIFIER = com.Dymtech.MiraclePillsUITests;
				PRODUCT_NAME = "$(TARGET_NAME)";
				SWIFT_VERSION = 3.0;
				TEST_TARGET_NAME = MiraclePills;
			};
			name = Debug;
		};
		B24239EC1F03407300C7318F /* Release */ = {
			isa = XCBuildConfiguration;
			buildSettings = {
				ALWAYS_EMBED_SWIFT_STANDARD_LIBRARIES = YES;
				INFOPLIST_FILE = MiraclePillsUITests/Info.plist;
				LD_RUNPATH_SEARCH_PATHS = "$(inherited) @executable_path/Frameworks @loader_path/Frameworks";
				PRODUCT_BUNDLE_IDENTIFIER = com.Dymtech.MiraclePillsUITests;
				PRODUCT_NAME = "$(TARGET_NAME)";
				SWIFT_VERSION = 3.0;
				TEST_TARGET_NAME = MiraclePills;
			};
			name = Release;
		};
/* End XCBuildConfiguration section */

/* Begin XCConfigurationList section */
		B24239B71F03407200C7318F /* Build configuration list for PBXProject "MiraclePills" */ = {
			isa = XCConfigurationList;
			buildConfigurations = (
				B24239E21F03407300C7318F /* Debug */,
				B24239E31F03407300C7318F /* Release */,
			);
			defaultConfigurationIsVisible = 0;
			defaultConfigurationName = Release;
		};
		B24239E41F03407300C7318F /* Build configuration list for PBXNativeTarget "MiraclePills" */ = {
			isa = XCConfigurationList;
			buildConfigurations = (
				B24239E51F03407300C7318F /* Debug */,
				B24239E61F03407300C7318F /* Release */,
			);
			defaultConfigurationIsVisible = 0;
		};
		B24239E71F03407300C7318F /* Build configuration list for PBXNativeTarget "MiraclePillsTests" */ = {
			isa = XCConfigurationList;
			buildConfigurations = (
				B24239E81F03407300C7318F /* Debug */,
				B24239E91F03407300C7318F /* Release */,
			);
			defaultConfigurationIsVisible = 0;
		};
		B24239EA1F03407300C7318F /* Build configuration list for PBXNativeTarget "MiraclePillsUITests" */ = {
			isa = XCConfigurationList;
			buildConfigurations = (
				B24239EB1F03407300C7318F /* Debug */,
				B24239EC1F03407300C7318F /* Release */,
			);
			defaultConfigurationIsVisible = 0;
		};
/* End XCConfigurationList section */
	};
	rootObject = B24239B41F03407200C7318F /* Project object */;
}
